
Microsoft Visual Studio Solution File, Format Version 12.00
# Visual Studio Version 16
VisualStudioVersion = 16.0.30503.244
MinimumVisualStudioVersion = 10.0.40219.1
Project("{FAE04EC0-301F-11D3-BF4B-00C04F79EFBC}") = "ExtraCompStats", "ExtraCompStats.csproj", "{C2FFEE83-2F68-4A34-8AEB-8FE58C4104CB}"
EndProject
Project("{9A19103F-16F7-4668-BE54-9A1E7A4F7556}") = "RimWorld", "..\..\..\..\..\Source\RimWorld.csproj", "{5AFF7A88-5AC8-4DD2-B228-EBE4B2CA908C}"
EndProject
Global
	GlobalSection(SolutionConfigurationPlatforms) = preSolution
		Debug|Any CPU = Debug|Any CPU
		Release|Any CPU = Release|Any CPU
	EndGlobalSection
	GlobalSection(ProjectConfigurationPlatforms) = postSolution
		{C2FFEE83-2F68-4A34-8AEB-8FE58C4104CB}.Debug|Any CPU.ActiveCfg = Debug|Any CPU
		{C2FFEE83-2F68-4A34-8AEB-8FE58C4104CB}.Debug|Any CPU.Build.0 = Debug|Any CPU
		{C2FFEE83-2F68-4A34-8AEB-8FE58C4104CB}.Release|Any CPU.ActiveCfg = Release|Any CPU
		{C2FFEE83-2F68-4A34-8AEB-8FE58C4104CB}.Release|Any CPU.Build.0 = Release|Any CPU
		{5AFF7A88-5AC8-4DD2-B228-EBE4B2CA908C}.Debug|Any CPU.ActiveCfg = Debug|Any CPU
		{5AFF7A88-5AC8-4DD2-B228-EBE4B2CA908C}.Release|Any CPU.ActiveCfg = Release|Any CPU
	EndGlobalSection
	GlobalSection(SolutionProperties) = preSolution
		HideSolutionNode = FALSE
	EndGlobalSection
	GlobalSection(ExtensibilityGlobals) = postSolution
		SolutionGuid = {CEB07EC5-4524-4875-B278-E4C74B49254A}
	EndGlobalSection
EndGlobal
